
Microsoft Visual Studio Solution File, Format Version 12.00
# Visual Studio 15
VisualStudioVersion = 15.0.27130.2024
MinimumVisualStudioVersion = 10.0.40219.1
Project("{FAE04EC0-301F-11D3-BF4B-00C04F79EFBC}") = "SourceLib", "SourceLib\SourceLib.csproj", "{0DB8702D-E2EE-46BF-AB02-187BDA9E45F8}"
EndProject
Project("{FAE04EC0-301F-11D3-BF4B-00C04F79EFBC}") = "UnitTestConsole", "UnitTestConsole\UnitTestConsole.csproj", "{4801AE14-4539-44A9-9B0F-11188E0E23FC}"
EndProject
Global
	GlobalSection(SolutionConfigurationPlatforms) = preSolution
		Debug|Any CPU = Debug|Any CPU
		Release|Any CPU = Release|Any CPU
	EndGlobalSection
	GlobalSection(ProjectConfigurationPlatforms) = postSolution
		{0DB8702D-E2EE-46BF-AB02-187BDA9E45F8}.Debug|Any CPU.ActiveCfg = Debug|Any CPU
		{0DB8702D-E2EE-46BF-AB02-187BDA9E45F8}.Debug|Any CPU.Build.0 = Debug|Any CPU
		{0DB8702D-E2EE-46BF-AB02-187BDA9E45F8}.Release|Any CPU.ActiveCfg = Release|Any CPU
		{0DB8702D-E2EE-46BF-AB02-187BDA9E45F8}.Release|Any CPU.Build.0 = Release|Any CPU
		{4801AE14-4539-44A9-9B0F-11188E0E23FC}.Debug|Any CPU.ActiveCfg = Debug|Any CPU
		{4801AE14-4539-44A9-9B0F-11188E0E23FC}.Debug|Any CPU.Build.0 = Debug|Any CPU
		{4801AE14-4539-44A9-9B0F-11188E0E23FC}.Release|Any CPU.ActiveCfg = Release|Any CPU
		{4801AE14-4539-44A9-9B0F-11188E0E23FC}.Release|Any CPU.Build.0 = Release|Any CPU
	EndGlobalSection
	GlobalSection(SolutionProperties) = preSolution
		HideSolutionNode = FALSE
	EndGlobalSection
	GlobalSection(ExtensibilityGlobals) = postSolution
		SolutionGuid = {F219903A-7580-4249-BB57-54808D31E3C1}
	EndGlobalSection
EndGlobal
